{
  "nodes": {
    "home-manager": {
      "inputs": {
        "nixpkgs": [
          "nixpkgs"
        ]
      },
      "locked": {
        "lastModified": 1698873617,
        "narHash": "sha256-FfGFcfbULwbK1vD+H0rslIOfmy4g8f2hXiPkQG3ZCTk=",
        "owner": "nix-community",
        "repo": "home-manager",
        "rev": "48b0a30202516e25d9885525fbb200a045f23f26",
        "type": "github"
      },
      "original": {
        "owner": "nix-community",
        "repo": "home-manager",
        "type": "github"
      }
    },
    "nixpkgs": {
      "locked": {
        "lastModified": 1698696950,
        "narHash": "sha256-FHFL58t6lMumvWqwundC8fDDDLOIvc+JJBNIAlPjrDY=",
        "owner": "nixos",
        "repo": "nixpkgs",
        "rev": "017ef2132a5bda50bd713aeabce8f918502d4ec1",
        "type": "github"
      },
      "original": {
        "owner": "nixos",
        "ref": "nixos-23.05",
        "repo": "nixpkgs",
        "type": "github"
      }
    },
    "root": {
      "inputs": {
        "home-manager": "home-manager",
        "nixpkgs": "nixpkgs"
      }
    }
  },
  "root": "root",
  "version": 7
}
